
Microsoft Visual Studio Solution File, Format Version 12.00
# Visual Studio 15
Project("{FAE04EC0-301F-11D3-BF4B-00C04F79EFBC}") = "Assembly-CSharp", "Assembly-CSharp.csproj", "{C04E5D21-DA45-D88F-F967-041539F5FB32}"
EndProject
Project("{FAE04EC0-301F-11D3-BF4B-00C04F79EFBC}") = "Assembly-CSharp-Editor", "Assembly-CSharp-Editor.csproj", "{72489174-72BC-8987-C237-173352204A87}"
EndProject
Global
	GlobalSection(SolutionConfigurationPlatforms) = preSolution
		Debug|Any CPU = Debug|Any CPU
		Release|Any CPU = Release|Any CPU
	EndGlobalSection
	GlobalSection(ProjectConfigurationPlatforms) = postSolution
		{C04E5D21-DA45-D88F-F967-041539F5FB32}.Debug|Any CPU.ActiveCfg = Debug|Any CPU
		{C04E5D21-DA45-D88F-F967-041539F5FB32}.Debug|Any CPU.Build.0 = Debug|Any CPU
		{C04E5D21-DA45-D88F-F967-041539F5FB32}.Release|Any CPU.ActiveCfg = Release|Any CPU
		{C04E5D21-DA45-D88F-F967-041539F5FB32}.Release|Any CPU.Build.0 = Release|Any CPU
		{72489174-72BC-8987-C237-173352204A87}.Debug|Any CPU.ActiveCfg = Debug|Any CPU
		{72489174-72BC-8987-C237-173352204A87}.Debug|Any CPU.Build.0 = Debug|Any CPU
		{72489174-72BC-8987-C237-173352204A87}.Release|Any CPU.ActiveCfg = Release|Any CPU
		{72489174-72BC-8987-C237-173352204A87}.Release|Any CPU.Build.0 = Release|Any CPU
	EndGlobalSection
	GlobalSection(SolutionProperties) = preSolution
		HideSolutionNode = FALSE
	EndGlobalSection
EndGlobal
